// !$*UTF8*$!
{
	archiveVersion = 1;
	classes = {
	};
	objectVersion = 56;
	objects = {

/* Begin PBXBuildFile section */
		6D044FDF2919B7060059C32B /* TaskMan.xcdatamodeld in Sources */ = {isa = PBXBuildFile; fileRef = 6D044FDD2919B7060059C32B /* TaskMan.xcdatamodeld */; };
		6D044FE72919CA0C0059C32B /* TasksListViewModel.swift in Sources */ = {isa = PBXBuildFile; fileRef = 6D044FE62919CA0C0059C32B /* TasksListViewModel.swift */; };
		6D044FE92919CF290059C32B /* TasksDeleteCommandHandler.swift in Sources */ = {isa = PBXBuildFile; fileRef = 6D044FE82919CF290059C32B /* TasksDeleteCommandHandler.swift */; };
		6D0A8BE5295A44D3005A7BFB /* Swinject-Dynamic in Frameworks */ = {isa = PBXBuildFile; productRef = 6D6D81262957628D00E1FD6E /* Swinject-Dynamic */; };
		6D0A8BE6295A44D3005A7BFB /* SwinjectAutoregistration-Dynamic in Frameworks */ = {isa = PBXBuildFile; productRef = 6D6D812A2957629200E1FD6E /* SwinjectAutoregistration-Dynamic */; };
		6D0A8BE8295A4909005A7BFB /* ListsNavigationView.swift in Sources */ = {isa = PBXBuildFile; fileRef = 6D0A8BE7295A4909005A7BFB /* ListsNavigationView.swift */; };
		6D0A8BEE295A4CBD005A7BFB /* ListsEditListView.swift in Sources */ = {isa = PBXBuildFile; fileRef = 6D0A8BED295A4CBD005A7BFB /* ListsEditListView.swift */; };
		6D17DCF1295743BD007E6417 /* TasksCreateModelHandlerTests.swift in Sources */ = {isa = PBXBuildFile; fileRef = 6D17DCF0295743BD007E6417 /* TasksCreateModelHandlerTests.swift */; };
		6D2907DC2916848600B5432C /* TaskManApp.swift in Sources */ = {isa = PBXBuildFile; fileRef = 6D2907DB2916848600B5432C /* TaskManApp.swift */; };
		6D2907E32916848600B5432C /* TasksListView.swift in Sources */ = {isa = PBXBuildFile; fileRef = 6D2907E22916848600B5432C /* TasksListView.swift */; };
		6D2907E52916848800B5432C /* Assets.xcassets in Resources */ = {isa = PBXBuildFile; fileRef = 6D2907E42916848800B5432C /* Assets.xcassets */; };
		6D2907E92916848800B5432C /* Preview Assets.xcassets in Resources */ = {isa = PBXBuildFile; fileRef = 6D2907E82916848800B5432C /* Preview Assets.xcassets */; };
		6D2907FD2916848800B5432C /* TaskManUITests.swift in Sources */ = {isa = PBXBuildFile; fileRef = 6D2907FC2916848800B5432C /* TaskManUITests.swift */; };
		6D2907FF2916848800B5432C /* TaskManUITestsLaunchTests.swift in Sources */ = {isa = PBXBuildFile; fileRef = 6D2907FE2916848800B5432C /* TaskManUITestsLaunchTests.swift */; };
		6D49CD3C29590795000CB39C /* ListsCreateModel.swift in Sources */ = {isa = PBXBuildFile; fileRef = 6D49CD3B29590795000CB39C /* ListsCreateModel.swift */; };
		6D49CD3E29590875000CB39C /* ListsAssembly.swift in Sources */ = {isa = PBXBuildFile; fileRef = 6D49CD3D29590875000CB39C /* ListsAssembly.swift */; };
		6D4A929A29573A7800537DD4 /* IntegrationTest.swift in Sources */ = {isa = PBXBuildFile; fileRef = 6D4A927B29571C9200537DD4 /* IntegrationTest.swift */; };
		6D5593052958B0E300FF7F6C /* BindingExtensions.swift in Sources */ = {isa = PBXBuildFile; fileRef = 6D5593042958B0E300FF7F6C /* BindingExtensions.swift */; };
		6D6D81292957628D00E1FD6E /* Swinject-Dynamic in Embed Frameworks */ = {isa = PBXBuildFile; productRef = 6D6D81262957628D00E1FD6E /* Swinject-Dynamic */; settings = {ATTRIBUTES = (CodeSignOnCopy, ); }; };
		6D6D812C2957629200E1FD6E /* SwinjectAutoregistration-Dynamic in Embed Frameworks */ = {isa = PBXBuildFile; productRef = 6D6D812A2957629200E1FD6E /* SwinjectAutoregistration-Dynamic */; settings = {ATTRIBUTES = (CodeSignOnCopy, ); }; };
		6D6D812E295769D100E1FD6E /* TasksDeleteCommandHandlerTests.swift in Sources */ = {isa = PBXBuildFile; fileRef = 6D6D812D295769D100E1FD6E /* TasksDeleteCommandHandlerTests.swift */; };
		6D6D813029576AFA00E1FD6E /* TasksListQueryHandlerTests.swift in Sources */ = {isa = PBXBuildFile; fileRef = 6D6D812F29576AFA00E1FD6E /* TasksListQueryHandlerTests.swift */; };
		6D6D813229576C9C00E1FD6E /* TasksEditHandlerTests.swift in Sources */ = {isa = PBXBuildFile; fileRef = 6D6D813129576C9C00E1FD6E /* TasksEditHandlerTests.swift */; };
		6D70CCAF292299530001EB8C /* TasksEditHandler.swift in Sources */ = {isa = PBXBuildFile; fileRef = 6D70CCAE292299530001EB8C /* TasksEditHandler.swift */; };
		6D742185291DB74B001F8A1C /* TasksAssembly.swift in Sources */ = {isa = PBXBuildFile; fileRef = 6D742184291DB74B001F8A1C /* TasksAssembly.swift */; };
		6D742188291DB8A9001F8A1C /* SwinjectAutoregistration in Frameworks */ = {isa = PBXBuildFile; productRef = 6D742187291DB8A9001F8A1C /* SwinjectAutoregistration */; };
		6D74218A291DB9D7001F8A1C /* AssemblerBuilder.swift in Sources */ = {isa = PBXBuildFile; fileRef = 6D742189291DB9D7001F8A1C /* AssemblerBuilder.swift */; };
		6D74218C291DBBE1001F8A1C /* DataAccessAssembly.swift in Sources */ = {isa = PBXBuildFile; fileRef = 6D74218B291DBBE1001F8A1C /* DataAccessAssembly.swift */; };
		6D74218E291DC0DB001F8A1C /* TaskManContext.swift in Sources */ = {isa = PBXBuildFile; fileRef = 6D74218D291DC0DB001F8A1C /* TaskManContext.swift */; };
		6D761961291811FC008C354C /* TasksCreateModelHandler.swift in Sources */ = {isa = PBXBuildFile; fileRef = 6D761960291811FC008C354C /* TasksCreateModelHandler.swift */; };
		6D775A8A291FAFA70035EDCD /* TasksCreateModel.swift in Sources */ = {isa = PBXBuildFile; fileRef = 6D775A89291FAFA70035EDCD /* TasksCreateModel.swift */; };
		6D775A8C291FB2BB0035EDCD /* TasksEditView.swift in Sources */ = {isa = PBXBuildFile; fileRef = 6D775A8B291FB2BB0035EDCD /* TasksEditView.swift */; };
		6D775A8E291FB3290035EDCD /* TasksEditViewModel.swift in Sources */ = {isa = PBXBuildFile; fileRef = 6D775A8D291FB3290035EDCD /* TasksEditViewModel.swift */; };
		6D7C4CA5291C5C2900F7D664 /* TasksListQuery.swift in Sources */ = {isa = PBXBuildFile; fileRef = 6D7C4CA4291C5C2900F7D664 /* TasksListQuery.swift */; };
		6D7C4CA7291C5C5400F7D664 /* TasksListQueryHandler.swift in Sources */ = {isa = PBXBuildFile; fileRef = 6D7C4CA6291C5C5400F7D664 /* TasksListQueryHandler.swift */; };
		6D7C4CA9291C5C9400F7D664 /* TasksListItemModel.swift in Sources */ = {isa = PBXBuildFile; fileRef = 6D7C4CA8291C5C9400F7D664 /* TasksListItemModel.swift */; };
		6D7C4CAB291C626300F7D664 /* TasksDeleteCommand.swift in Sources */ = {isa = PBXBuildFile; fileRef = 6D7C4CAA291C626300F7D664 /* TasksDeleteCommand.swift */; };
		6D7C4CAE291C6A5D00F7D664 /* Swinject in Frameworks */ = {isa = PBXBuildFile; productRef = 6D7C4CAD291C6A5D00F7D664 /* Swinject */; };
		6D85007D2958FBCB00328909 /* Tasks.swift in Sources */ = {isa = PBXBuildFile; fileRef = 6D85007C2958FBCB00328909 /* Tasks.swift */; };
		6D85007F2958FD6700328909 /* ListsListData.swift in Sources */ = {isa = PBXBuildFile; fileRef = 6D85007E2958FD6700328909 /* ListsListData.swift */; };
		6D8500812958FD9700328909 /* ListsListViewModel.swift in Sources */ = {isa = PBXBuildFile; fileRef = 6D8500802958FD9700328909 /* ListsListViewModel.swift */; };
		6D8500832958FE5700328909 /* ListsCreateModelHandler.swift in Sources */ = {isa = PBXBuildFile; fileRef = 6D8500822958FE5700328909 /* ListsCreateModelHandler.swift */; };
		6DA5E7E42959CE9C0054CC2D /* NavigationModel.swift in Sources */ = {isa = PBXBuildFile; fileRef = 6DA5E7E32959CE9C0054CC2D /* NavigationModel.swift */; };
		6DA5E7E62959CEB00054CC2D /* Navigation.swift in Sources */ = {isa = PBXBuildFile; fileRef = 6DA5E7E52959CEB00054CC2D /* Navigation.swift */; };
		6DAB899F2958F16E00134526 /* ListsPickerView.swift in Sources */ = {isa = PBXBuildFile; fileRef = 6DAB899E2958F16E00134526 /* ListsPickerView.swift */; };
		6DAB89A12958F1EB00134526 /* ListsPickerViewModel.swift in Sources */ = {isa = PBXBuildFile; fileRef = 6DAB89A02958F1EB00134526 /* ListsPickerViewModel.swift */; };
		6DAB89A32958F20E00134526 /* ListsListQueryHandler.swift in Sources */ = {isa = PBXBuildFile; fileRef = 6DAB89A22958F20E00134526 /* ListsListQueryHandler.swift */; };
		6DAB89A72958FA1100134526 /* Lists.swift in Sources */ = {isa = PBXBuildFile; fileRef = 6DAB89A62958FA1100134526 /* Lists.swift */; };
		6DAB89A92958FA7600134526 /* ListsListView.swift in Sources */ = {isa = PBXBuildFile; fileRef = 6DAB89A82958FA7600134526 /* ListsListView.swift */; };
		6DB8949D295A40D6001BB7C3 /* ListsCreateModelHandlerTests.swift in Sources */ = {isa = PBXBuildFile; fileRef = 6DB8949C295A40D6001BB7C3 /* ListsCreateModelHandlerTests.swift */; };
		6DB8949F295A4159001BB7C3 /* ListsListQueryHandlerTests.swift in Sources */ = {isa = PBXBuildFile; fileRef = 6DB8949E295A4159001BB7C3 /* ListsListQueryHandlerTests.swift */; };
		6DB894A1295A41C8001BB7C3 /* ListsDeleteCommandHandlerTests.swift in Sources */ = {isa = PBXBuildFile; fileRef = 6DB894A0295A41C8001BB7C3 /* ListsDeleteCommandHandlerTests.swift */; };
		6DC530232959134D009A8DCB /* DatabaseInitialiser.swift in Sources */ = {isa = PBXBuildFile; fileRef = 6DC530222959134D009A8DCB /* DatabaseInitialiser.swift */; };
		6DC53025295913A0009A8DCB /* Database.swift in Sources */ = {isa = PBXBuildFile; fileRef = 6DC53024295913A0009A8DCB /* Database.swift */; };
		6DC5302729591B0A009A8DCB /* ListsDeleteCommand.swift in Sources */ = {isa = PBXBuildFile; fileRef = 6DC5302629591B0A009A8DCB /* ListsDeleteCommand.swift */; };
		6DC5302929591B26009A8DCB /* ListsDeleteCommandHandler.swift in Sources */ = {isa = PBXBuildFile; fileRef = 6DC5302829591B26009A8DCB /* ListsDeleteCommandHandler.swift */; };
		6DC5602929201D5000F14C5E /* Injected.swift in Sources */ = {isa = PBXBuildFile; fileRef = 6DC5602829201D5000F14C5E /* Injected.swift */; };
		6DC890482935773B00696EE4 /* AssemblerContainer.swift in Sources */ = {isa = PBXBuildFile; fileRef = 6DC890472935773B00696EE4 /* AssemblerContainer.swift */; };
		6DCBADE129570E3A00D53C69 /* AssemblerContainerBuilder.swift in Sources */ = {isa = PBXBuildFile; fileRef = 6DCBADE029570E3A00D53C69 /* AssemblerContainerBuilder.swift */; };
		6DFBEEF429566B740005A236 /* TasksListData.swift in Sources */ = {isa = PBXBuildFile; fileRef = 6DFBEEF329566B740005A236 /* TasksListData.swift */; };
		6DFBEEF6295672F80005A236 /* TasksUndoHandler.swift in Sources */ = {isa = PBXBuildFile; fileRef = 6DFBEEF5295672F80005A236 /* TasksUndoHandler.swift */; };
		6DFBEF0429567C250005A236 /* Settings.plist in Resources */ = {isa = PBXBuildFile; fileRef = 6DFBEF0329567C250005A236 /* Settings.plist */; };
		6DFBEF06295684560005A236 /* ConfigurationProvider.swift in Sources */ = {isa = PBXBuildFile; fileRef = 6DFBEF05295684560005A236 /* ConfigurationProvider.swift */; };
/* End PBXBuildFile section */

/* Begin PBXContainerItemProxy section */
		6D2907F92916848800B5432C /* PBXContainerItemProxy */ = {
			isa = PBXContainerItemProxy;
			containerPortal = 6D2907D02916848600B5432C /* Project object */;
			proxyType = 1;
			remoteGlobalIDString = 6D2907D72916848600B5432C;
			remoteInfo = TaskMan;
		};
		6D4A929529573A6800537DD4 /* PBXContainerItemProxy */ = {
			isa = PBXContainerItemProxy;
			containerPortal = 6D2907D02916848600B5432C /* Project object */;
			proxyType = 1;
			remoteGlobalIDString = 6D2907D72916848600B5432C;
			remoteInfo = TaskMan;
		};
/* End PBXContainerItemProxy section */

/* Begin PBXCopyFilesBuildPhase section */
		6D6D81282957628D00E1FD6E /* Embed Frameworks */ = {
			isa = PBXCopyFilesBuildPhase;
			buildActionMask = 2147483647;
			dstPath = "";
			dstSubfolderSpec = 10;
			files = (
				6D6D812C2957629200E1FD6E /* SwinjectAutoregistration-Dynamic in Embed Frameworks */,
				6D6D81292957628D00E1FD6E /* Swinject-Dynamic in Embed Frameworks */,
			);
			name = "Embed Frameworks";
			runOnlyForDeploymentPostprocessing = 0;
		};
/* End PBXCopyFilesBuildPhase section */

/* Begin PBXFileReference section */
		6D044FDE2919B7060059C32B /* TaskMan.xcdatamodel */ = {isa = PBXFileReference; lastKnownFileType = wrapper.xcdatamodel; path = TaskMan.xcdatamodel; sourceTree = "<group>"; };
		6D044FE62919CA0C0059C32B /* TasksListViewModel.swift */ = {isa = PBXFileReference; lastKnownFileType = sourcecode.swift; path = TasksListViewModel.swift; sourceTree = "<group>"; };
		6D044FE82919CF290059C32B /* TasksDeleteCommandHandler.swift */ = {isa = PBXFileReference; lastKnownFileType = sourcecode.swift; path = TasksDeleteCommandHandler.swift; sourceTree = "<group>"; };
		6D0A8BE7295A4909005A7BFB /* ListsNavigationView.swift */ = {isa = PBXFileReference; lastKnownFileType = sourcecode.swift; path = ListsNavigationView.swift; sourceTree = "<group>"; };
		6D0A8BED295A4CBD005A7BFB /* ListsEditListView.swift */ = {isa = PBXFileReference; lastKnownFileType = sourcecode.swift; path = ListsEditListView.swift; sourceTree = "<group>"; };
		6D17DCF0295743BD007E6417 /* TasksCreateModelHandlerTests.swift */ = {isa = PBXFileReference; lastKnownFileType = sourcecode.swift; path = TasksCreateModelHandlerTests.swift; sourceTree = "<group>"; };
		6D2907D82916848600B5432C /* TaskMan.app */ = {isa = PBXFileReference; explicitFileType = wrapper.application; includeInIndex = 0; path = TaskMan.app; sourceTree = BUILT_PRODUCTS_DIR; };
		6D2907DB2916848600B5432C /* TaskManApp.swift */ = {isa = PBXFileReference; lastKnownFileType = sourcecode.swift; path = TaskManApp.swift; sourceTree = "<group>"; };
		6D2907E22916848600B5432C /* TasksListView.swift */ = {isa = PBXFileReference; lastKnownFileType = sourcecode.swift; path = TasksListView.swift; sourceTree = "<group>"; };
		6D2907E42916848800B5432C /* Assets.xcassets */ = {isa = PBXFileReference; lastKnownFileType = folder.assetcatalog; path = Assets.xcassets; sourceTree = "<group>"; };
		6D2907E62916848800B5432C /* TaskMan.entitlements */ = {isa = PBXFileReference; lastKnownFileType = text.plist.entitlements; path = TaskMan.entitlements; sourceTree = "<group>"; };
		6D2907E82916848800B5432C /* Preview Assets.xcassets */ = {isa = PBXFileReference; lastKnownFileType = folder.assetcatalog; path = "Preview Assets.xcassets"; sourceTree = "<group>"; };
		6D2907F82916848800B5432C /* TaskManUITests.xctest */ = {isa = PBXFileReference; explicitFileType = wrapper.cfbundle; includeInIndex = 0; path = TaskManUITests.xctest; sourceTree = BUILT_PRODUCTS_DIR; };
		6D2907FC2916848800B5432C /* TaskManUITests.swift */ = {isa = PBXFileReference; lastKnownFileType = sourcecode.swift; path = TaskManUITests.swift; sourceTree = "<group>"; };
		6D2907FE2916848800B5432C /* TaskManUITestsLaunchTests.swift */ = {isa = PBXFileReference; lastKnownFileType = sourcecode.swift; path = TaskManUITestsLaunchTests.swift; sourceTree = "<group>"; };
		6D49CD3B29590795000CB39C /* ListsCreateModel.swift */ = {isa = PBXFileReference; lastKnownFileType = sourcecode.swift; path = ListsCreateModel.swift; sourceTree = "<group>"; };
		6D49CD3D29590875000CB39C /* ListsAssembly.swift */ = {isa = PBXFileReference; lastKnownFileType = sourcecode.swift; path = ListsAssembly.swift; sourceTree = "<group>"; };
		6D4A927B29571C9200537DD4 /* IntegrationTest.swift */ = {isa = PBXFileReference; lastKnownFileType = sourcecode.swift; path = IntegrationTest.swift; sourceTree = "<group>"; };
		6D4A929129573A6800537DD4 /* TaskMan.IntegrationTests.xctest */ = {isa = PBXFileReference; explicitFileType = wrapper.cfbundle; includeInIndex = 0; path = TaskMan.IntegrationTests.xctest; sourceTree = BUILT_PRODUCTS_DIR; };
		6D4A929B29573BA200537DD4 /* TaskMan.xctestplan */ = {isa = PBXFileReference; lastKnownFileType = text; path = TaskMan.xctestplan; sourceTree = "<group>"; };
		6D5593042958B0E300FF7F6C /* BindingExtensions.swift */ = {isa = PBXFileReference; lastKnownFileType = sourcecode.swift; path = BindingExtensions.swift; sourceTree = "<group>"; };
		6D6D812D295769D100E1FD6E /* TasksDeleteCommandHandlerTests.swift */ = {isa = PBXFileReference; lastKnownFileType = sourcecode.swift; path = TasksDeleteCommandHandlerTests.swift; sourceTree = "<group>"; };
		6D6D812F29576AFA00E1FD6E /* TasksListQueryHandlerTests.swift */ = {isa = PBXFileReference; lastKnownFileType = sourcecode.swift; path = TasksListQueryHandlerTests.swift; sourceTree = "<group>"; };
		6D6D813129576C9C00E1FD6E /* TasksEditHandlerTests.swift */ = {isa = PBXFileReference; lastKnownFileType = sourcecode.swift; path = TasksEditHandlerTests.swift; sourceTree = "<group>"; };
		6D70CCAE292299530001EB8C /* TasksEditHandler.swift */ = {isa = PBXFileReference; lastKnownFileType = sourcecode.swift; path = TasksEditHandler.swift; sourceTree = "<group>"; };
		6D742184291DB74B001F8A1C /* TasksAssembly.swift */ = {isa = PBXFileReference; lastKnownFileType = sourcecode.swift; path = TasksAssembly.swift; sourceTree = "<group>"; };
		6D742189291DB9D7001F8A1C /* AssemblerBuilder.swift */ = {isa = PBXFileReference; lastKnownFileType = sourcecode.swift; path = AssemblerBuilder.swift; sourceTree = "<group>"; };
		6D74218B291DBBE1001F8A1C /* DataAccessAssembly.swift */ = {isa = PBXFileReference; lastKnownFileType = sourcecode.swift; path = DataAccessAssembly.swift; sourceTree = "<group>"; };
		6D74218D291DC0DB001F8A1C /* TaskManContext.swift */ = {isa = PBXFileReference; lastKnownFileType = sourcecode.swift; path = TaskManContext.swift; sourceTree = "<group>"; };
		6D761960291811FC008C354C /* TasksCreateModelHandler.swift */ = {isa = PBXFileReference; lastKnownFileType = sourcecode.swift; path = TasksCreateModelHandler.swift; sourceTree = "<group>"; };
		6D775A89291FAFA70035EDCD /* TasksCreateModel.swift */ = {isa = PBXFileReference; lastKnownFileType = sourcecode.swift; path = TasksCreateModel.swift; sourceTree = "<group>"; };
		6D775A8B291FB2BB0035EDCD /* TasksEditView.swift */ = {isa = PBXFileReference; lastKnownFileType = sourcecode.swift; path = TasksEditView.swift; sourceTree = "<group>"; };
		6D775A8D291FB3290035EDCD /* TasksEditViewModel.swift */ = {isa = PBXFileReference; lastKnownFileType = sourcecode.swift; path = TasksEditViewModel.swift; sourceTree = "<group>"; };
		6D7C4CA4291C5C2900F7D664 /* TasksListQuery.swift */ = {isa = PBXFileReference; lastKnownFileType = sourcecode.swift; path = TasksListQuery.swift; sourceTree = "<group>"; };
		6D7C4CA6291C5C5400F7D664 /* TasksListQueryHandler.swift */ = {isa = PBXFileReference; lastKnownFileType = sourcecode.swift; path = TasksListQueryHandler.swift; sourceTree = "<group>"; };
		6D7C4CA8291C5C9400F7D664 /* TasksListItemModel.swift */ = {isa = PBXFileReference; lastKnownFileType = sourcecode.swift; path = TasksListItemModel.swift; sourceTree = "<group>"; };
		6D7C4CAA291C626300F7D664 /* TasksDeleteCommand.swift */ = {isa = PBXFileReference; lastKnownFileType = sourcecode.swift; path = TasksDeleteCommand.swift; sourceTree = "<group>"; };
		6D85007C2958FBCB00328909 /* Tasks.swift */ = {isa = PBXFileReference; lastKnownFileType = sourcecode.swift; path = Tasks.swift; sourceTree = "<group>"; };
		6D85007E2958FD6700328909 /* ListsListData.swift */ = {isa = PBXFileReference; lastKnownFileType = sourcecode.swift; path = ListsListData.swift; sourceTree = "<group>"; };
		6D8500802958FD9700328909 /* ListsListViewModel.swift */ = {isa = PBXFileReference; lastKnownFileType = sourcecode.swift; path = ListsListViewModel.swift; sourceTree = "<group>"; };
		6D8500822958FE5700328909 /* ListsCreateModelHandler.swift */ = {isa = PBXFileReference; lastKnownFileType = sourcecode.swift; path = ListsCreateModelHandler.swift; sourceTree = "<group>"; };
		6DA5E7E32959CE9C0054CC2D /* NavigationModel.swift */ = {isa = PBXFileReference; lastKnownFileType = sourcecode.swift; path = NavigationModel.swift; sourceTree = "<group>"; };
		6DA5E7E52959CEB00054CC2D /* Navigation.swift */ = {isa = PBXFileReference; lastKnownFileType = sourcecode.swift; path = Navigation.swift; sourceTree = "<group>"; };
		6DAB899E2958F16E00134526 /* ListsPickerView.swift */ = {isa = PBXFileReference; lastKnownFileType = sourcecode.swift; path = ListsPickerView.swift; sourceTree = "<group>"; };
		6DAB89A02958F1EB00134526 /* ListsPickerViewModel.swift */ = {isa = PBXFileReference; lastKnownFileType = sourcecode.swift; path = ListsPickerViewModel.swift; sourceTree = "<group>"; };
		6DAB89A22958F20E00134526 /* ListsListQueryHandler.swift */ = {isa = PBXFileReference; lastKnownFileType = sourcecode.swift; path = ListsListQueryHandler.swift; sourceTree = "<group>"; };
		6DAB89A62958FA1100134526 /* Lists.swift */ = {isa = PBXFileReference; lastKnownFileType = sourcecode.swift; path = Lists.swift; sourceTree = "<group>"; };
		6DAB89A82958FA7600134526 /* ListsListView.swift */ = {isa = PBXFileReference; fileEncoding = 4; lastKnownFileType = sourcecode.swift; path = ListsListView.swift; sourceTree = "<group>"; };
		6DB8949C295A40D6001BB7C3 /* ListsCreateModelHandlerTests.swift */ = {isa = PBXFileReference; lastKnownFileType = sourcecode.swift; path = ListsCreateModelHandlerTests.swift; sourceTree = "<group>"; };
		6DB8949E295A4159001BB7C3 /* ListsListQueryHandlerTests.swift */ = {isa = PBXFileReference; lastKnownFileType = sourcecode.swift; path = ListsListQueryHandlerTests.swift; sourceTree = "<group>"; };
		6DB894A0295A41C8001BB7C3 /* ListsDeleteCommandHandlerTests.swift */ = {isa = PBXFileReference; lastKnownFileType = sourcecode.swift; path = ListsDeleteCommandHandlerTests.swift; sourceTree = "<group>"; };
		6DC530222959134D009A8DCB /* DatabaseInitialiser.swift */ = {isa = PBXFileReference; lastKnownFileType = sourcecode.swift; path = DatabaseInitialiser.swift; sourceTree = "<group>"; };
		6DC53024295913A0009A8DCB /* Database.swift */ = {isa = PBXFileReference; lastKnownFileType = sourcecode.swift; path = Database.swift; sourceTree = "<group>"; };
		6DC5302629591B0A009A8DCB /* ListsDeleteCommand.swift */ = {isa = PBXFileReference; lastKnownFileType = sourcecode.swift; path = ListsDeleteCommand.swift; sourceTree = "<group>"; };
		6DC5302829591B26009A8DCB /* ListsDeleteCommandHandler.swift */ = {isa = PBXFileReference; lastKnownFileType = sourcecode.swift; path = ListsDeleteCommandHandler.swift; sourceTree = "<group>"; };
		6DC5602829201D5000F14C5E /* Injected.swift */ = {isa = PBXFileReference; lastKnownFileType = sourcecode.swift; path = Injected.swift; sourceTree = "<group>"; };
		6DC890472935773B00696EE4 /* AssemblerContainer.swift */ = {isa = PBXFileReference; lastKnownFileType = sourcecode.swift; path = AssemblerContainer.swift; sourceTree = "<group>"; };
		6DCBADE029570E3A00D53C69 /* AssemblerContainerBuilder.swift */ = {isa = PBXFileReference; lastKnownFileType = sourcecode.swift; path = AssemblerContainerBuilder.swift; sourceTree = "<group>"; };
		6DFBEEF329566B740005A236 /* TasksListData.swift */ = {isa = PBXFileReference; lastKnownFileType = sourcecode.swift; path = TasksListData.swift; sourceTree = "<group>"; };
		6DFBEEF5295672F80005A236 /* TasksUndoHandler.swift */ = {isa = PBXFileReference; lastKnownFileType = sourcecode.swift; path = TasksUndoHandler.swift; sourceTree = "<group>"; };
		6DFBEF0329567C250005A236 /* Settings.plist */ = {isa = PBXFileReference; lastKnownFileType = text.plist.xml; path = Settings.plist; sourceTree = "<group>"; };
		6DFBEF05295684560005A236 /* ConfigurationProvider.swift */ = {isa = PBXFileReference; lastKnownFileType = sourcecode.swift; path = ConfigurationProvider.swift; sourceTree = "<group>"; };
/* End PBXFileReference section */

/* Begin PBXFrameworksBuildPhase section */
		6D2907D52916848600B5432C /* Frameworks */ = {
			isa = PBXFrameworksBuildPhase;
			buildActionMask = 2147483647;
			files = (
				6D7C4CAE291C6A5D00F7D664 /* Swinject in Frameworks */,
				6D742188291DB8A9001F8A1C /* SwinjectAutoregistration in Frameworks */,
			);
			runOnlyForDeploymentPostprocessing = 0;
		};
		6D2907F52916848800B5432C /* Frameworks */ = {
			isa = PBXFrameworksBuildPhase;
			buildActionMask = 2147483647;
			files = (
			);
			runOnlyForDeploymentPostprocessing = 0;
		};
		6D4A928E29573A6800537DD4 /* Frameworks */ = {
			isa = PBXFrameworksBuildPhase;
			buildActionMask = 2147483647;
			files = (
				6D0A8BE6295A44D3005A7BFB /* SwinjectAutoregistration-Dynamic in Frameworks */,
				6D0A8BE5295A44D3005A7BFB /* Swinject-Dynamic in Frameworks */,
			);
			runOnlyForDeploymentPostprocessing = 0;
		};
/* End PBXFrameworksBuildPhase section */

/* Begin PBXGroup section */
		6D044FDA2919B62A0059C32B /* TaskMan.Models */ = {
			isa = PBXGroup;
			children = (
				6D044FDD2919B7060059C32B /* TaskMan.xcdatamodeld */,
				6D74218D291DC0DB001F8A1C /* TaskManContext.swift */,
			);
			path = TaskMan.Models;
			sourceTree = "<group>";
		};
		6D2907CF2916848600B5432C = {
			isa = PBXGroup;
			children = (
				6D4A929229573A6800537DD4 /* TaskMan.IntegrationTests */,
				6D2907D92916848600B5432C /* Products */,
				6D2907DA2916848600B5432C /* TaskMan */,
				6D044FDA2919B62A0059C32B /* TaskMan.Models */,
				6D2907FB2916848800B5432C /* TaskManUITests */,
			);
			sourceTree = "<group>";
		};
		6D2907D92916848600B5432C /* Products */ = {
			isa = PBXGroup;
			children = (
				6D2907D82916848600B5432C /* TaskMan.app */,
				6D2907F82916848800B5432C /* TaskManUITests.xctest */,
				6D4A929129573A6800537DD4 /* TaskMan.IntegrationTests.xctest */,
			);
			name = Products;
			sourceTree = "<group>";
		};
		6D2907DA2916848600B5432C /* TaskMan */ = {
			isa = PBXGroup;
			children = (
				6DAB899B2958EEDC00134526 /* Lists */,
				6D5593022958B0B800FF7F6C /* Infrastructure */,
				6D742189291DB9D7001F8A1C /* AssemblerBuilder.swift */,
				6DC890472935773B00696EE4 /* AssemblerContainer.swift */,
				6DCBADE029570E3A00D53C69 /* AssemblerContainerBuilder.swift */,
				6D2907E42916848800B5432C /* Assets.xcassets */,
				6DFBEF05295684560005A236 /* ConfigurationProvider.swift */,
				6DC5602829201D5000F14C5E /* Injected.swift */,
				6D2907E72916848800B5432C /* Preview Content */,
				6DFBEF0229567C0E0005A236 /* Resources */,
				6D2907E62916848800B5432C /* TaskMan.entitlements */,
				6D2907DB2916848600B5432C /* TaskManApp.swift */,
				6D76195F291811DB008C354C /* Tasks */,
			);
			path = TaskMan;
			sourceTree = "<group>";
		};
		6D2907E72916848800B5432C /* Preview Content */ = {
			isa = PBXGroup;
			children = (
				6D2907E82916848800B5432C /* Preview Assets.xcassets */,
			);
			path = "Preview Content";
			sourceTree = "<group>";
		};
		6D2907FB2916848800B5432C /* TaskManUITests */ = {
			isa = PBXGroup;
			children = (
				6D2907FC2916848800B5432C /* TaskManUITests.swift */,
				6D2907FE2916848800B5432C /* TaskManUITestsLaunchTests.swift */,
			);
			path = TaskManUITests;
			sourceTree = "<group>";
		};
		6D4A927D2957380E00537DD4 /* Tasks */ = {
			isa = PBXGroup;
			children = (
				6D17DCF0295743BD007E6417 /* TasksCreateModelHandlerTests.swift */,
				6D6D812D295769D100E1FD6E /* TasksDeleteCommandHandlerTests.swift */,
				6D6D812F29576AFA00E1FD6E /* TasksListQueryHandlerTests.swift */,
				6D6D813129576C9C00E1FD6E /* TasksEditHandlerTests.swift */,
			);
			path = Tasks;
			sourceTree = "<group>";
		};
		6D4A929229573A6800537DD4 /* TaskMan.IntegrationTests */ = {
			isa = PBXGroup;
			children = (
				6DB8949B295A40BF001BB7C3 /* Lists */,
				6D4A927D2957380E00537DD4 /* Tasks */,
				6D4A927B29571C9200537DD4 /* IntegrationTest.swift */,
				6D4A929B29573BA200537DD4 /* TaskMan.xctestplan */,
			);
			path = TaskMan.IntegrationTests;
			sourceTree = "<group>";
		};
		6D5593022958B0B800FF7F6C /* Infrastructure */ = {
			isa = PBXGroup;
			children = (
				6DA5E7E22959CE850054CC2D /* Navigation */,
				6DC5302129591334009A8DCB /* Database */,
				6D5593032958B0D200FF7F6C /* Extensions */,
			);
			path = Infrastructure;
			sourceTree = "<group>";
		};
		6D5593032958B0D200FF7F6C /* Extensions */ = {
			isa = PBXGroup;
			children = (
				6D5593042958B0E300FF7F6C /* BindingExtensions.swift */,
			);
			path = Extensions;
			sourceTree = "<group>";
		};
		6D76195F291811DB008C354C /* Tasks */ = {
			isa = PBXGroup;
			children = (
				6D775A89291FAFA70035EDCD /* TasksCreateModel.swift */,
				6D761960291811FC008C354C /* TasksCreateModelHandler.swift */,
				6D7C4CAA291C626300F7D664 /* TasksDeleteCommand.swift */,
				6D044FE82919CF290059C32B /* TasksDeleteCommandHandler.swift */,
				6D70CCAE292299530001EB8C /* TasksEditHandler.swift */,
				6D775A8B291FB2BB0035EDCD /* TasksEditView.swift */,
				6D775A8D291FB3290035EDCD /* TasksEditViewModel.swift */,
				6DFBEEF329566B740005A236 /* TasksListData.swift */,
				6D7C4CA8291C5C9400F7D664 /* TasksListItemModel.swift */,
				6D7C4CA4291C5C2900F7D664 /* TasksListQuery.swift */,
				6D7C4CA6291C5C5400F7D664 /* TasksListQueryHandler.swift */,
				6D2907E22916848600B5432C /* TasksListView.swift */,
				6D044FE62919CA0C0059C32B /* TasksListViewModel.swift */,
				6D742184291DB74B001F8A1C /* TasksAssembly.swift */,
				6DFBEEF5295672F80005A236 /* TasksUndoHandler.swift */,
				6D85007C2958FBCB00328909 /* Tasks.swift */,
			);
			path = Tasks;
			sourceTree = "<group>";
		};
		6DA5E7E22959CE850054CC2D /* Navigation */ = {
			isa = PBXGroup;
			children = (
				6DA5E7E32959CE9C0054CC2D /* NavigationModel.swift */,
				6DA5E7E52959CEB00054CC2D /* Navigation.swift */,
			);
			path = Navigation;
			sourceTree = "<group>";
		};
		6DAB899B2958EEDC00134526 /* Lists */ = {
			isa = PBXGroup;
			children = (
				6D8500822958FE5700328909 /* ListsCreateModelHandler.swift */,
				6D85007E2958FD6700328909 /* ListsListData.swift */,
				6DAB89A22958F20E00134526 /* ListsListQueryHandler.swift */,
				6DAB89A62958FA1100134526 /* Lists.swift */,
				6DAB89A82958FA7600134526 /* ListsListView.swift */,
				6D8500802958FD9700328909 /* ListsListViewModel.swift */,
				6DAB899E2958F16E00134526 /* ListsPickerView.swift */,
				6DAB89A02958F1EB00134526 /* ListsPickerViewModel.swift */,
				6D49CD3B29590795000CB39C /* ListsCreateModel.swift */,
				6D49CD3D29590875000CB39C /* ListsAssembly.swift */,
				6DC5302629591B0A009A8DCB /* ListsDeleteCommand.swift */,
				6DC5302829591B26009A8DCB /* ListsDeleteCommandHandler.swift */,
				6D0A8BE7295A4909005A7BFB /* ListsNavigationView.swift */,
				6D0A8BED295A4CBD005A7BFB /* ListsEditListView.swift */,
			);
			path = Lists;
			sourceTree = "<group>";
		};
		6DB8949B295A40BF001BB7C3 /* Lists */ = {
			isa = PBXGroup;
			children = (
				6DB8949C295A40D6001BB7C3 /* ListsCreateModelHandlerTests.swift */,
				6DB8949E295A4159001BB7C3 /* ListsListQueryHandlerTests.swift */,
				6DB894A0295A41C8001BB7C3 /* ListsDeleteCommandHandlerTests.swift */,
			);
			path = Lists;
			sourceTree = "<group>";
		};
		6DC5302129591334009A8DCB /* Database */ = {
			isa = PBXGroup;
			children = (
				6D74218B291DBBE1001F8A1C /* DataAccessAssembly.swift */,
				6DC530222959134D009A8DCB /* DatabaseInitialiser.swift */,
				6DC53024295913A0009A8DCB /* Database.swift */,
			);
			path = Database;
			sourceTree = "<group>";
		};
		6DFBEF0229567C0E0005A236 /* Resources */ = {
			isa = PBXGroup;
			children = (
				6DFBEF0329567C250005A236 /* Settings.plist */,
			);
			path = Resources;
			sourceTree = "<group>";
		};
/* End PBXGroup section */

/* Begin PBXNativeTarget section */
		6D2907D72916848600B5432C /* TaskMan */ = {
			isa = PBXNativeTarget;
			buildConfigurationList = 6D2908022916848800B5432C /* Build configuration list for PBXNativeTarget "TaskMan" */;
			buildPhases = (
				6D2907D42916848600B5432C /* Sources */,
				6D2907D52916848600B5432C /* Frameworks */,
				6D2907D62916848600B5432C /* Resources */,
			);
			buildRules = (
			);
			dependencies = (
			);
			name = TaskMan;
			packageProductDependencies = (
				6D7C4CAD291C6A5D00F7D664 /* Swinject */,
				6D742187291DB8A9001F8A1C /* SwinjectAutoregistration */,
			);
			productName = TaskMan;
			productReference = 6D2907D82916848600B5432C /* TaskMan.app */;
			productType = "com.apple.product-type.application";
		};
		6D2907F72916848800B5432C /* TaskManUITests */ = {
			isa = PBXNativeTarget;
			buildConfigurationList = 6D2908082916848800B5432C /* Build configuration list for PBXNativeTarget "TaskManUITests" */;
			buildPhases = (
				6D2907F42916848800B5432C /* Sources */,
				6D2907F52916848800B5432C /* Frameworks */,
				6D2907F62916848800B5432C /* Resources */,
			);
			buildRules = (
			);
			dependencies = (
				6D2907FA2916848800B5432C /* PBXTargetDependency */,
			);
			name = TaskManUITests;
			productName = TaskManUITests;
			productReference = 6D2907F82916848800B5432C /* TaskManUITests.xctest */;
			productType = "com.apple.product-type.bundle.ui-testing";
		};
		6D4A929029573A6800537DD4 /* TaskMan.IntegrationTests */ = {
			isa = PBXNativeTarget;
			buildConfigurationList = 6D4A929729573A6800537DD4 /* Build configuration list for PBXNativeTarget "TaskMan.IntegrationTests" */;
			buildPhases = (
				6D4A928D29573A6800537DD4 /* Sources */,
				6D4A928E29573A6800537DD4 /* Frameworks */,
				6D4A928F29573A6800537DD4 /* Resources */,
				6D6D81282957628D00E1FD6E /* Embed Frameworks */,
			);
			buildRules = (
			);
			dependencies = (
				6D4A929629573A6800537DD4 /* PBXTargetDependency */,
			);
			name = TaskMan.IntegrationTests;
			packageProductDependencies = (
				6D6D81262957628D00E1FD6E /* Swinject-Dynamic */,
				6D6D812A2957629200E1FD6E /* SwinjectAutoregistration-Dynamic */,
			);
			productName = TaskMan.IntegrationTests;
			productReference = 6D4A929129573A6800537DD4 /* TaskMan.IntegrationTests.xctest */;
			productType = "com.apple.product-type.bundle.unit-test";
		};
/* End PBXNativeTarget section */

/* Begin PBXProject section */
		6D2907D02916848600B5432C /* Project object */ = {
			isa = PBXProject;
			attributes = {
				BuildIndependentTargetsInParallel = 1;
				LastSwiftUpdateCheck = 1420;
				LastUpgradeCheck = 1420;
				TargetAttributes = {
					6D2907D72916848600B5432C = {
						CreatedOnToolsVersion = 14.0.1;
					};
					6D2907F72916848800B5432C = {
						CreatedOnToolsVersion = 14.0.1;
						TestTargetID = 6D2907D72916848600B5432C;
					};
					6D4A929029573A6800537DD4 = {
						CreatedOnToolsVersion = 14.2;
						TestTargetID = 6D2907D72916848600B5432C;
					};
				};
			};
			buildConfigurationList = 6D2907D32916848600B5432C /* Build configuration list for PBXProject "TaskMan" */;
			compatibilityVersion = "Xcode 14.0";
			developmentRegion = en;
			hasScannedForEncodings = 0;
			knownRegions = (
				en,
				Base,
			);
			mainGroup = 6D2907CF2916848600B5432C;
			packageReferences = (
				6D7C4CAC291C6A5D00F7D664 /* XCRemoteSwiftPackageReference "Swinject" */,
				6D742186291DB8A9001F8A1C /* XCRemoteSwiftPackageReference "SwinjectAutoregistration" */,
			);
			productRefGroup = 6D2907D92916848600B5432C /* Products */;
			projectDirPath = "";
			projectRoot = "";
			targets = (
				6D2907D72916848600B5432C /* TaskMan */,
				6D2907F72916848800B5432C /* TaskManUITests */,
				6D4A929029573A6800537DD4 /* TaskMan.IntegrationTests */,
			);
		};
/* End PBXProject section */

/* Begin PBXResourcesBuildPhase section */
		6D2907D62916848600B5432C /* Resources */ = {
			isa = PBXResourcesBuildPhase;
			buildActionMask = 2147483647;
			files = (
				6D2907E92916848800B5432C /* Preview Assets.xcassets in Resources */,
				6D2907E52916848800B5432C /* Assets.xcassets in Resources */,
				6DFBEF0429567C250005A236 /* Settings.plist in Resources */,
			);
			runOnlyForDeploymentPostprocessing = 0;
		};
		6D2907F62916848800B5432C /* Resources */ = {
			isa = PBXResourcesBuildPhase;
			buildActionMask = 2147483647;
			files = (
			);
			runOnlyForDeploymentPostprocessing = 0;
		};
		6D4A928F29573A6800537DD4 /* Resources */ = {
			isa = PBXResourcesBuildPhase;
			buildActionMask = 2147483647;
			files = (
			);
			runOnlyForDeploymentPostprocessing = 0;
		};
/* End PBXResourcesBuildPhase section */

/* Begin PBXSourcesBuildPhase section */
		6D2907D42916848600B5432C /* Sources */ = {
			isa = PBXSourcesBuildPhase;
			buildActionMask = 2147483647;
			files = (
				6D2907DC2916848600B5432C /* TaskManApp.swift in Sources */,
				6D49CD3E29590875000CB39C /* ListsAssembly.swift in Sources */,
				6D5593052958B0E300FF7F6C /* BindingExtensions.swift in Sources */,
				6D761961291811FC008C354C /* TasksCreateModelHandler.swift in Sources */,
				6DC5602929201D5000F14C5E /* Injected.swift in Sources */,
				6DFBEEF6295672F80005A236 /* TasksUndoHandler.swift in Sources */,
				6D044FE92919CF290059C32B /* TasksDeleteCommandHandler.swift in Sources */,
				6D742185291DB74B001F8A1C /* TasksAssembly.swift in Sources */,
				6D044FE72919CA0C0059C32B /* TasksListViewModel.swift in Sources */,
				6DA5E7E62959CEB00054CC2D /* Navigation.swift in Sources */,
				6DC5302929591B26009A8DCB /* ListsDeleteCommandHandler.swift in Sources */,
				6D74218E291DC0DB001F8A1C /* TaskManContext.swift in Sources */,
				6DC530232959134D009A8DCB /* DatabaseInitialiser.swift in Sources */,
				6D7C4CAB291C626300F7D664 /* TasksDeleteCommand.swift in Sources */,
				6DAB899F2958F16E00134526 /* ListsPickerView.swift in Sources */,
				6D2907E32916848600B5432C /* TasksListView.swift in Sources */,
				6D85007D2958FBCB00328909 /* Tasks.swift in Sources */,
				6D775A8A291FAFA70035EDCD /* TasksCreateModel.swift in Sources */,
				6D7C4CA9291C5C9400F7D664 /* TasksListItemModel.swift in Sources */,
				6DAB89A12958F1EB00134526 /* ListsPickerViewModel.swift in Sources */,
				6DAB89A72958FA1100134526 /* Lists.swift in Sources */,
				6D70CCAF292299530001EB8C /* TasksEditHandler.swift in Sources */,
				6DAB89A92958FA7600134526 /* ListsListView.swift in Sources */,
				6D775A8C291FB2BB0035EDCD /* TasksEditView.swift in Sources */,
				6D49CD3C29590795000CB39C /* ListsCreateModel.swift in Sources */,
				6D7C4CA5291C5C2900F7D664 /* TasksListQuery.swift in Sources */,
				6D7C4CA7291C5C5400F7D664 /* TasksListQueryHandler.swift in Sources */,
				6DC890482935773B00696EE4 /* AssemblerContainer.swift in Sources */,
				6DAB89A32958F20E00134526 /* ListsListQueryHandler.swift in Sources */,
				6D74218C291DBBE1001F8A1C /* DataAccessAssembly.swift in Sources */,
				6DCBADE129570E3A00D53C69 /* AssemblerContainerBuilder.swift in Sources */,
				6D8500832958FE5700328909 /* ListsCreateModelHandler.swift in Sources */,
				6DFBEF06295684560005A236 /* ConfigurationProvider.swift in Sources */,
				6D0A8BE8295A4909005A7BFB /* ListsNavigationView.swift in Sources */,
				6D044FDF2919B7060059C32B /* TaskMan.xcdatamodeld in Sources */,
				6D775A8E291FB3290035EDCD /* TasksEditViewModel.swift in Sources */,
				6D74218A291DB9D7001F8A1C /* AssemblerBuilder.swift in Sources */,
				6DFBEEF429566B740005A236 /* TasksListData.swift in Sources */,
				6D0A8BEE295A4CBD005A7BFB /* ListsEditListView.swift in Sources */,
				6D85007F2958FD6700328909 /* ListsListData.swift in Sources */,
				6DC53025295913A0009A8DCB /* Database.swift in Sources */,
				6D8500812958FD9700328909 /* ListsListViewModel.swift in Sources */,
				6DA5E7E42959CE9C0054CC2D /* NavigationModel.swift in Sources */,
				6DC5302729591B0A009A8DCB /* ListsDeleteCommand.swift in Sources */,
			);
			runOnlyForDeploymentPostprocessing = 0;
		};
		6D2907F42916848800B5432C /* Sources */ = {
			isa = PBXSourcesBuildPhase;
			buildActionMask = 2147483647;
			files = (
				6D2907FF2916848800B5432C /* TaskManUITestsLaunchTests.swift in Sources */,
				6D2907FD2916848800B5432C /* TaskManUITests.swift in Sources */,
			);
			runOnlyForDeploymentPostprocessing = 0;
		};
		6D4A928D29573A6800537DD4 /* Sources */ = {
			isa = PBXSourcesBuildPhase;
			buildActionMask = 2147483647;
			files = (
				6D17DCF1295743BD007E6417 /* TasksCreateModelHandlerTests.swift in Sources */,
				6DB894A1295A41C8001BB7C3 /* ListsDeleteCommandHandlerTests.swift in Sources */,
				6D6D813229576C9C00E1FD6E /* TasksEditHandlerTests.swift in Sources */,
				6DB8949F295A4159001BB7C3 /* ListsListQueryHandlerTests.swift in Sources */,
				6D6D813029576AFA00E1FD6E /* TasksListQueryHandlerTests.swift in Sources */,
				6D4A929A29573A7800537DD4 /* IntegrationTest.swift in Sources */,
				6DB8949D295A40D6001BB7C3 /* ListsCreateModelHandlerTests.swift in Sources */,
				6D6D812E295769D100E1FD6E /* TasksDeleteCommandHandlerTests.swift in Sources */,
			);
			runOnlyForDeploymentPostprocessing = 0;
		};
/* End PBXSourcesBuildPhase section */

/* Begin PBXTargetDependency section */
		6D2907FA2916848800B5432C /* PBXTargetDependency */ = {
			isa = PBXTargetDependency;
			target = 6D2907D72916848600B5432C /* TaskMan */;
			targetProxy = 6D2907F92916848800B5432C /* PBXContainerItemProxy */;
		};
		6D4A929629573A6800537DD4 /* PBXTargetDependency */ = {
			isa = PBXTargetDependency;
			target = 6D2907D72916848600B5432C /* TaskMan */;
			targetProxy = 6D4A929529573A6800537DD4 /* PBXContainerItemProxy */;
		};
/* End PBXTargetDependency section */

/* Begin XCBuildConfiguration section */
		6D2908002916848800B5432C /* Debug */ = {
			isa = XCBuildConfiguration;
			buildSettings = {
				ALWAYS_SEARCH_USER_PATHS = NO;
				CLANG_ANALYZER_NONNULL = YES;
				CLANG_ANALYZER_NUMBER_OBJECT_CONVERSION = YES_AGGRESSIVE;
				CLANG_CXX_LANGUAGE_STANDARD = "gnu++20";
				CLANG_ENABLE_MODULES = YES;
				CLANG_ENABLE_OBJC_ARC = YES;
				CLANG_ENABLE_OBJC_WEAK = YES;
				CLANG_WARN_BLOCK_CAPTURE_AUTORELEASING = YES;
				CLANG_WARN_BOOL_CONVERSION = YES;
				CLANG_WARN_COMMA = YES;
				CLANG_WARN_CONSTANT_CONVERSION = YES;
				CLANG_WARN_DEPRECATED_OBJC_IMPLEMENTATIONS = YES;
				CLANG_WARN_DIRECT_OBJC_ISA_USAGE = YES_ERROR;
				CLANG_WARN_DOCUMENTATION_COMMENTS = YES;
				CLANG_WARN_EMPTY_BODY = YES;
				CLANG_WARN_ENUM_CONVERSION = YES;
				CLANG_WARN_INFINITE_RECURSION = YES;
				CLANG_WARN_INT_CONVERSION = YES;
				CLANG_WARN_NON_LITERAL_NULL_CONVERSION = YES;
				CLANG_WARN_OBJC_IMPLICIT_RETAIN_SELF = YES;
				CLANG_WARN_OBJC_LITERAL_CONVERSION = YES;
				CLANG_WARN_OBJC_ROOT_CLASS = YES_ERROR;
				CLANG_WARN_QUOTED_INCLUDE_IN_FRAMEWORK_HEADER = YES;
				CLANG_WARN_RANGE_LOOP_ANALYSIS = YES;
				CLANG_WARN_STRICT_PROTOTYPES = YES;
				CLANG_WARN_SUSPICIOUS_MOVE = YES;
				CLANG_WARN_UNGUARDED_AVAILABILITY = YES_AGGRESSIVE;
				CLANG_WARN_UNREACHABLE_CODE = YES;
				CLANG_WARN__DUPLICATE_METHOD_MATCH = YES;
				COPY_PHASE_STRIP = NO;
				DEAD_CODE_STRIPPING = YES;
				DEBUG_INFORMATION_FORMAT = dwarf;
				ENABLE_STRICT_OBJC_MSGSEND = YES;
				ENABLE_TESTABILITY = YES;
				GCC_C_LANGUAGE_STANDARD = gnu11;
				GCC_DYNAMIC_NO_PIC = NO;
				GCC_NO_COMMON_BLOCKS = YES;
				GCC_OPTIMIZATION_LEVEL = 0;
				GCC_PREPROCESSOR_DEFINITIONS = (
					"DEBUG=1",
					"$(inherited)",
				);
				GCC_WARN_64_TO_32_BIT_CONVERSION = YES;
				GCC_WARN_ABOUT_RETURN_TYPE = YES_ERROR;
				GCC_WARN_UNDECLARED_SELECTOR = YES;
				GCC_WARN_UNINITIALIZED_AUTOS = YES_AGGRESSIVE;
				GCC_WARN_UNUSED_FUNCTION = YES;
				GCC_WARN_UNUSED_VARIABLE = YES;
				IPHONEOS_DEPLOYMENT_TARGET = 16.2;
				MACOSX_DEPLOYMENT_TARGET = 13.1;
				MTL_ENABLE_DEBUG_INFO = INCLUDE_SOURCE;
				MTL_FAST_MATH = YES;
				ONLY_ACTIVE_ARCH = YES;
				SWIFT_ACTIVE_COMPILATION_CONDITIONS = DEBUG;
				SWIFT_OPTIMIZATION_LEVEL = "-Onone";
				SWIFT_VERSION = 5.0;
			};
			name = Debug;
		};
		6D2908012916848800B5432C /* Release */ = {
			isa = XCBuildConfiguration;
			buildSettings = {
				ALWAYS_SEARCH_USER_PATHS = NO;
				CLANG_ANALYZER_NONNULL = YES;
				CLANG_ANALYZER_NUMBER_OBJECT_CONVERSION = YES_AGGRESSIVE;
				CLANG_CXX_LANGUAGE_STANDARD = "gnu++20";
				CLANG_ENABLE_MODULES = YES;
				CLANG_ENABLE_OBJC_ARC = YES;
				CLANG_ENABLE_OBJC_WEAK = YES;
				CLANG_WARN_BLOCK_CAPTURE_AUTORELEASING = YES;
				CLANG_WARN_BOOL_CONVERSION = YES;
				CLANG_WARN_COMMA = YES;
				CLANG_WARN_CONSTANT_CONVERSION = YES;
				CLANG_WARN_DEPRECATED_OBJC_IMPLEMENTATIONS = YES;
				CLANG_WARN_DIRECT_OBJC_ISA_USAGE = YES_ERROR;
				CLANG_WARN_DOCUMENTATION_COMMENTS = YES;
				CLANG_WARN_EMPTY_BODY = YES;
				CLANG_WARN_ENUM_CONVERSION = YES;
				CLANG_WARN_INFINITE_RECURSION = YES;
				CLANG_WARN_INT_CONVERSION = YES;
				CLANG_WARN_NON_LITERAL_NULL_CONVERSION = YES;
				CLANG_WARN_OBJC_IMPLICIT_RETAIN_SELF = YES;
				CLANG_WARN_OBJC_LITERAL_CONVERSION = YES;
				CLANG_WARN_OBJC_ROOT_CLASS = YES_ERROR;
				CLANG_WARN_QUOTED_INCLUDE_IN_FRAMEWORK_HEADER = YES;
				CLANG_WARN_RANGE_LOOP_ANALYSIS = YES;
				CLANG_WARN_STRICT_PROTOTYPES = YES;
				CLANG_WARN_SUSPICIOUS_MOVE = YES;
				CLANG_WARN_UNGUARDED_AVAILABILITY = YES_AGGRESSIVE;
				CLANG_WARN_UNREACHABLE_CODE = YES;
				CLANG_WARN__DUPLICATE_METHOD_MATCH = YES;
				COPY_PHASE_STRIP = NO;
				DEAD_CODE_STRIPPING = YES;
				DEBUG_INFORMATION_FORMAT = "dwarf-with-dsym";
				ENABLE_NS_ASSERTIONS = NO;
				ENABLE_STRICT_OBJC_MSGSEND = YES;
				GCC_C_LANGUAGE_STANDARD = gnu11;
				GCC_NO_COMMON_BLOCKS = YES;
				GCC_WARN_64_TO_32_BIT_CONVERSION = YES;
				GCC_WARN_ABOUT_RETURN_TYPE = YES_ERROR;
				GCC_WARN_UNDECLARED_SELECTOR = YES;
				GCC_WARN_UNINITIALIZED_AUTOS = YES_AGGRESSIVE;
				GCC_WARN_UNUSED_FUNCTION = YES;
				GCC_WARN_UNUSED_VARIABLE = YES;
				IPHONEOS_DEPLOYMENT_TARGET = 16.2;
				MACOSX_DEPLOYMENT_TARGET = 13.1;
				MTL_ENABLE_DEBUG_INFO = NO;
				MTL_FAST_MATH = YES;
				SWIFT_COMPILATION_MODE = wholemodule;
				SWIFT_OPTIMIZATION_LEVEL = "-O";
				SWIFT_VERSION = 5.0;
			};
			name = Release;
		};
		6D2908032916848800B5432C /* Debug */ = {
			isa = XCBuildConfiguration;
			buildSettings = {
				ASSETCATALOG_COMPILER_APPICON_NAME = AppIcon;
				ASSETCATALOG_COMPILER_GLOBAL_ACCENT_COLOR_NAME = AccentColor;
				CODE_SIGN_ENTITLEMENTS = TaskMan/TaskMan.entitlements;
				CODE_SIGN_IDENTITY = "-";
				CODE_SIGN_STYLE = Automatic;
				CURRENT_PROJECT_VERSION = 1;
				DEAD_CODE_STRIPPING = YES;
				DEVELOPMENT_ASSET_PATHS = "\"TaskMan/Preview Content\"";
				DEVELOPMENT_TEAM = 2F2YDXSHY6;
				ENABLE_HARDENED_RUNTIME = YES;
				ENABLE_PREVIEWS = YES;
				GENERATE_INFOPLIST_FILE = YES;
				INFOPLIST_KEY_CFBundleDisplayName = TaskMan;
				INFOPLIST_KEY_LSApplicationCategoryType = "public.app-category.productivity";
				"INFOPLIST_KEY_UIApplicationSceneManifest_Generation[sdk=iphoneos*]" = YES;
				"INFOPLIST_KEY_UIApplicationSceneManifest_Generation[sdk=iphonesimulator*]" = YES;
				"INFOPLIST_KEY_UIApplicationSupportsIndirectInputEvents[sdk=iphoneos*]" = YES;
				"INFOPLIST_KEY_UIApplicationSupportsIndirectInputEvents[sdk=iphonesimulator*]" = YES;
				"INFOPLIST_KEY_UILaunchScreen_Generation[sdk=iphoneos*]" = YES;
				"INFOPLIST_KEY_UILaunchScreen_Generation[sdk=iphonesimulator*]" = YES;
				"INFOPLIST_KEY_UIStatusBarStyle[sdk=iphoneos*]" = UIStatusBarStyleDefault;
				"INFOPLIST_KEY_UIStatusBarStyle[sdk=iphonesimulator*]" = UIStatusBarStyleDefault;
				INFOPLIST_KEY_UISupportedInterfaceOrientations_iPad = "UIInterfaceOrientationPortrait UIInterfaceOrientationPortraitUpsideDown UIInterfaceOrientationLandscapeLeft UIInterfaceOrientationLandscapeRight";
				INFOPLIST_KEY_UISupportedInterfaceOrientations_iPhone = "UIInterfaceOrientationPortrait UIInterfaceOrientationLandscapeLeft UIInterfaceOrientationLandscapeRight";
				IPHONEOS_DEPLOYMENT_TARGET = 16.2;
				LD_RUNPATH_SEARCH_PATHS = "@executable_path/Frameworks";
				"LD_RUNPATH_SEARCH_PATHS[sdk=macosx*]" = "@executable_path/../Frameworks";
				MACOSX_DEPLOYMENT_TARGET = 13.1;
				MARKETING_VERSION = 1.0;
				PRODUCT_BUNDLE_IDENTIFIER = shaun.TaskMan;
				PRODUCT_NAME = "$(TARGET_NAME)";
				SDKROOT = auto;
				SUPPORTED_PLATFORMS = "iphoneos iphonesimulator macosx";
				SWIFT_EMIT_LOC_STRINGS = YES;
				SWIFT_VERSION = 5.0;
				TARGETED_DEVICE_FAMILY = "1,2";
			};
			name = Debug;
		};
		6D2908042916848800B5432C /* Release */ = {
			isa = XCBuildConfiguration;
			buildSettings = {
				ASSETCATALOG_COMPILER_APPICON_NAME = AppIcon;
				ASSETCATALOG_COMPILER_GLOBAL_ACCENT_COLOR_NAME = AccentColor;
				CODE_SIGN_ENTITLEMENTS = TaskMan/TaskMan.entitlements;
				CODE_SIGN_IDENTITY = "-";
				CODE_SIGN_STYLE = Automatic;
				CURRENT_PROJECT_VERSION = 1;
				DEAD_CODE_STRIPPING = YES;
				DEVELOPMENT_ASSET_PATHS = "\"TaskMan/Preview Content\"";
				DEVELOPMENT_TEAM = 2F2YDXSHY6;
				ENABLE_HARDENED_RUNTIME = YES;
				ENABLE_PREVIEWS = YES;
				GENERATE_INFOPLIST_FILE = YES;
				INFOPLIST_KEY_CFBundleDisplayName = TaskMan;
				INFOPLIST_KEY_LSApplicationCategoryType = "public.app-category.productivity";
				"INFOPLIST_KEY_UIApplicationSceneManifest_Generation[sdk=iphoneos*]" = YES;
				"INFOPLIST_KEY_UIApplicationSceneManifest_Generation[sdk=iphonesimulator*]" = YES;
				"INFOPLIST_KEY_UIApplicationSupportsIndirectInputEvents[sdk=iphoneos*]" = YES;
				"INFOPLIST_KEY_UIApplicationSupportsIndirectInputEvents[sdk=iphonesimulator*]" = YES;
				"INFOPLIST_KEY_UILaunchScreen_Generation[sdk=iphoneos*]" = YES;
				"INFOPLIST_KEY_UILaunchScreen_Generation[sdk=iphonesimulator*]" = YES;
				"INFOPLIST_KEY_UIStatusBarStyle[sdk=iphoneos*]" = UIStatusBarStyleDefault;
				"INFOPLIST_KEY_UIStatusBarStyle[sdk=iphonesimulator*]" = UIStatusBarStyleDefault;
				INFOPLIST_KEY_UISupportedInterfaceOrientations_iPad = "UIInterfaceOrientationPortrait UIInterfaceOrientationPortraitUpsideDown UIInterfaceOrientationLandscapeLeft UIInterfaceOrientationLandscapeRight";
				INFOPLIST_KEY_UISupportedInterfaceOrientations_iPhone = "UIInterfaceOrientationPortrait UIInterfaceOrientationLandscapeLeft UIInterfaceOrientationLandscapeRight";
				IPHONEOS_DEPLOYMENT_TARGET = 16.2;
				LD_RUNPATH_SEARCH_PATHS = "@executable_path/Frameworks";
				"LD_RUNPATH_SEARCH_PATHS[sdk=macosx*]" = "@executable_path/../Frameworks";
				MACOSX_DEPLOYMENT_TARGET = 13.1;
				MARKETING_VERSION = 1.0;
				PRODUCT_BUNDLE_IDENTIFIER = shaun.TaskMan;
				PRODUCT_NAME = "$(TARGET_NAME)";
				SDKROOT = auto;
				SUPPORTED_PLATFORMS = "iphoneos iphonesimulator macosx";
				SWIFT_EMIT_LOC_STRINGS = YES;
				SWIFT_VERSION = 5.0;
				TARGETED_DEVICE_FAMILY = "1,2";
			};
			name = Release;
		};
		6D2908092916848800B5432C /* Debug */ = {
			isa = XCBuildConfiguration;
			buildSettings = {
				ALWAYS_EMBED_SWIFT_STANDARD_LIBRARIES = YES;
				CODE_SIGN_STYLE = Automatic;
				CURRENT_PROJECT_VERSION = 1;
				DEAD_CODE_STRIPPING = YES;
				DEVELOPMENT_TEAM = 2F2YDXSHY6;
				GENERATE_INFOPLIST_FILE = YES;
				IPHONEOS_DEPLOYMENT_TARGET = 16.0;
				MACOSX_DEPLOYMENT_TARGET = 12.3;
				MARKETING_VERSION = 1.0;
				PRODUCT_BUNDLE_IDENTIFIER = shaun.TaskManUITests;
				PRODUCT_NAME = "$(TARGET_NAME)";
				SDKROOT = auto;
				SUPPORTED_PLATFORMS = "iphoneos iphonesimulator macosx";
				SWIFT_EMIT_LOC_STRINGS = NO;
				SWIFT_VERSION = 5.0;
				TARGETED_DEVICE_FAMILY = "1,2";
				TEST_TARGET_NAME = TaskMan;
			};
			name = Debug;
		};
		6D29080A2916848800B5432C /* Release */ = {
			isa = XCBuildConfiguration;
			buildSettings = {
				ALWAYS_EMBED_SWIFT_STANDARD_LIBRARIES = YES;
				CODE_SIGN_STYLE = Automatic;
				CURRENT_PROJECT_VERSION = 1;
				DEAD_CODE_STRIPPING = YES;
				DEVELOPMENT_TEAM = 2F2YDXSHY6;
				GENERATE_INFOPLIST_FILE = YES;
				IPHONEOS_DEPLOYMENT_TARGET = 16.0;
				MACOSX_DEPLOYMENT_TARGET = 12.3;
				MARKETING_VERSION = 1.0;
				PRODUCT_BUNDLE_IDENTIFIER = shaun.TaskManUITests;
				PRODUCT_NAME = "$(TARGET_NAME)";
				SDKROOT = auto;
				SUPPORTED_PLATFORMS = "iphoneos iphonesimulator macosx";
				SWIFT_EMIT_LOC_STRINGS = NO;
				SWIFT_VERSION = 5.0;
				TARGETED_DEVICE_FAMILY = "1,2";
				TEST_TARGET_NAME = TaskMan;
			};
			name = Release;
		};
		6D4A929829573A6800537DD4 /* Debug */ = {
			isa = XCBuildConfiguration;
			buildSettings = {
				BUNDLE_LOADER = "$(TEST_HOST)";
				"CODE_SIGN_IDENTITY[sdk=macosx*]" = "Apple Development";
				CODE_SIGN_STYLE = Automatic;
				CURRENT_PROJECT_VERSION = 1;
				DEVELOPMENT_TEAM = 2F2YDXSHY6;
				GENERATE_INFOPLIST_FILE = YES;
				MARKETING_VERSION = 1.0;
				PRODUCT_BUNDLE_IDENTIFIER = "shaun.TaskMan-IntegrationTests";
				PRODUCT_NAME = "$(TARGET_NAME)";
				SDKROOT = iphoneos;
				SWIFT_EMIT_LOC_STRINGS = NO;
				SWIFT_VERSION = 5.0;
				TARGETED_DEVICE_FAMILY = "1,2";
				TEST_HOST = "$(BUILT_PRODUCTS_DIR)/TaskMan.app/$(BUNDLE_EXECUTABLE_FOLDER_PATH)/TaskMan";
			};
			name = Debug;
		};
		6D4A929929573A6800537DD4 /* Release */ = {
			isa = XCBuildConfiguration;
			buildSettings = {
				BUNDLE_LOADER = "$(TEST_HOST)";
				"CODE_SIGN_IDENTITY[sdk=macosx*]" = "Apple Development";
				CODE_SIGN_STYLE = Automatic;
				CURRENT_PROJECT_VERSION = 1;
				DEVELOPMENT_TEAM = 2F2YDXSHY6;
				GENERATE_INFOPLIST_FILE = YES;
				MARKETING_VERSION = 1.0;
				PRODUCT_BUNDLE_IDENTIFIER = "shaun.TaskMan-IntegrationTests";
				PRODUCT_NAME = "$(TARGET_NAME)";
				SDKROOT = iphoneos;
				SWIFT_EMIT_LOC_STRINGS = NO;
				SWIFT_VERSION = 5.0;
				TARGETED_DEVICE_FAMILY = "1,2";
				TEST_HOST = "$(BUILT_PRODUCTS_DIR)/TaskMan.app/$(BUNDLE_EXECUTABLE_FOLDER_PATH)/TaskMan";
				VALIDATE_PRODUCT = YES;
			};
			name = Release;
		};
/* End XCBuildConfiguration section */

/* Begin XCConfigurationList section */
		6D2907D32916848600B5432C /* Build configuration list for PBXProject "TaskMan" */ = {
			isa = XCConfigurationList;
			buildConfigurations = (
				6D2908002916848800B5432C /* Debug */,
				6D2908012916848800B5432C /* Release */,
			);
			defaultConfigurationIsVisible = 0;
			defaultConfigurationName = Release;
		};
		6D2908022916848800B5432C /* Build configuration list for PBXNativeTarget "TaskMan" */ = {
			isa = XCConfigurationList;
			buildConfigurations = (
				6D2908032916848800B5432C /* Debug */,
				6D2908042916848800B5432C /* Release */,
			);
			defaultConfigurationIsVisible = 0;
			defaultConfigurationName = Release;
		};
		6D2908082916848800B5432C /* Build configuration list for PBXNativeTarget "TaskManUITests" */ = {
			isa = XCConfigurationList;
			buildConfigurations = (
				6D2908092916848800B5432C /* Debug */,
				6D29080A2916848800B5432C /* Release */,
			);
			defaultConfigurationIsVisible = 0;
			defaultConfigurationName = Release;
		};
		6D4A929729573A6800537DD4 /* Build configuration list for PBXNativeTarget "TaskMan.IntegrationTests" */ = {
			isa = XCConfigurationList;
			buildConfigurations = (
				6D4A929829573A6800537DD4 /* Debug */,
				6D4A929929573A6800537DD4 /* Release */,
			);
			defaultConfigurationIsVisible = 0;
			defaultConfigurationName = Release;
		};
/* End XCConfigurationList section */

/* Begin XCRemoteSwiftPackageReference section */
		6D742186291DB8A9001F8A1C /* XCRemoteSwiftPackageReference "SwinjectAutoregistration" */ = {
			isa = XCRemoteSwiftPackageReference;
			repositoryURL = "https://github.com/Swinject/SwinjectAutoregistration.git";
			requirement = {
				kind = exactVersion;
				version = 2.8.1;
			};
		};
		6D7C4CAC291C6A5D00F7D664 /* XCRemoteSwiftPackageReference "Swinject" */ = {
			isa = XCRemoteSwiftPackageReference;
			repositoryURL = "https://github.com/Swinject/Swinject.git";
			requirement = {
				kind = exactVersion;
				version = 2.8.2;
			};
		};
/* End XCRemoteSwiftPackageReference section */

/* Begin XCSwiftPackageProductDependency section */
		6D6D81262957628D00E1FD6E /* Swinject-Dynamic */ = {
			isa = XCSwiftPackageProductDependency;
			package = 6D7C4CAC291C6A5D00F7D664 /* XCRemoteSwiftPackageReference "Swinject" */;
			productName = "Swinject-Dynamic";
		};
		6D6D812A2957629200E1FD6E /* SwinjectAutoregistration-Dynamic */ = {
			isa = XCSwiftPackageProductDependency;
			package = 6D742186291DB8A9001F8A1C /* XCRemoteSwiftPackageReference "SwinjectAutoregistration" */;
			productName = "SwinjectAutoregistration-Dynamic";
		};
		6D742187291DB8A9001F8A1C /* SwinjectAutoregistration */ = {
			isa = XCSwiftPackageProductDependency;
			package = 6D742186291DB8A9001F8A1C /* XCRemoteSwiftPackageReference "SwinjectAutoregistration" */;
			productName = SwinjectAutoregistration;
		};
		6D7C4CAD291C6A5D00F7D664 /* Swinject */ = {
			isa = XCSwiftPackageProductDependency;
			package = 6D7C4CAC291C6A5D00F7D664 /* XCRemoteSwiftPackageReference "Swinject" */;
			productName = Swinject;
		};
/* End XCSwiftPackageProductDependency section */

/* Begin XCVersionGroup section */
		6D044FDD2919B7060059C32B /* TaskMan.xcdatamodeld */ = {
			isa = XCVersionGroup;
			children = (
				6D044FDE2919B7060059C32B /* TaskMan.xcdatamodel */,
			);
			currentVersion = 6D044FDE2919B7060059C32B /* TaskMan.xcdatamodel */;
			path = TaskMan.xcdatamodeld;
			sourceTree = "<group>";
			versionGroupType = wrapper.xcdatamodel;
		};
/* End XCVersionGroup section */
	};
	rootObject = 6D2907D02916848600B5432C /* Project object */;
}
